<?xml version="1.0" encoding="utf-8"?>
<Project ToolsVersion="4.0" xmlns="http://schemas.microsoft.com/developer/msbuild/2003">
  <ItemGroup>
    <Filter Include="ソース ファイル">
      <UniqueIdentifier>{4FC737F1-C7A5-4376-A066-2A32D752A2FF}</UniqueIdentifier>
      <Extensions>cpp;c;cc;cxx;def;odl;idl;hpj;bat;asm;asmx</Extensions>
    </Filter>
    <Filter Include="ヘッダー ファイル">
      <UniqueIdentifier>{93995380-89BD-4b04-88EB-625FBE52EBFB}</UniqueIdentifier>
      <Extensions>h;hh;hpp;hxx;hm;inl;inc;xsd</Extensions>
    </Filter>
    <Filter Include="リソース ファイル">
      <UniqueIdentifier>{67DA6AB6-F800-4c08-8B7A-83BB121AAD01}</UniqueIdentifier>
      <Extensions>rc;ico;cur;bmp;dlg;rc2;rct;bin;rgs;gif;jpg;jpeg;jpe;resx;tiff;tif;png;wav;mfcribbon-ms</Extensions>
    </Filter>
    <Filter Include="ヘッダー ファイル\Entity">
      <UniqueIdentifier>{f711121d-8549-40aa-bf52-5d1c4cafa720}</UniqueIdentifier>
    </Filter>
    <Filter Include="ソース ファイル\Entity">
      <UniqueIdentifier>{9ecfc544-2d17-4f98-9dff-5b1f1d682375}</UniqueIdentifier>
    </Filter>
    <Filter Include="ソース ファイル\Map">
      <UniqueIdentifier>{8e94bb9b-e312-4e0d-af3b-5533a18923fd}</UniqueIdentifier>
    </Filter>
    <Filter Include="ヘッダー ファイル\Map">
      <UniqueIdentifier>{42a1149f-8c78-4eab-95cc-c30efbd0e5b6}</UniqueIdentifier>
    </Filter>
    <Filter Include="ソース ファイル\User">
      <UniqueIdentifier>{ee6b894a-7a78-4c09-acd5-2e8e9fd57238}</UniqueIdentifier>
    </Filter>
    <Filter Include="ヘッダー ファイル\User">
      <UniqueIdentifier>{a155da71-3952-498d-9be4-5551071dde27}</UniqueIdentifier>
    </Filter>
    <Filter Include="ソース ファイル\User\Preference">
      <UniqueIdentifier>{e033ff44-34ed-4aba-9fcd-b910caae1f08}</UniqueIdentifier>
    </Filter>
    <Filter Include="ヘッダー ファイル\User\Preference">
      <UniqueIdentifier>{21faaa05-52e3-411b-a94a-789c0745951b}</UniqueIdentifier>
    </Filter>
    <Filter Include="ソース ファイル\Method">
      <UniqueIdentifier>{ee245a04-3eee-4c9c-bb76-19aceb5b1009}</UniqueIdentifier>
    </Filter>
    <Filter Include="ヘッダー ファイル\Method">
      <UniqueIdentifier>{d2ca7d87-b4f7-41b3-b537-3cec621f0855}</UniqueIdentifier>
    </Filter>
  </ItemGroup>
  <ItemGroup>
    <Text Include="ReadMe.txt" />
  </ItemGroup>
  <ItemGroup>
    <ClInclude Include="stdafx.h">
      <Filter>ヘッダー ファイル</Filter>
    </ClInclude>
    <ClInclude Include="targetver.h">
      <Filter>ヘッダー ファイル</Filter>
    </ClInclude>
    <ClInclude Include="DbNodeCollectionFactory.h">
      <Filter>ヘッダー ファイル\Map</Filter>
    </ClInclude>
    <ClInclude Include="BasicRoad.h">
      <Filter>ヘッダー ファイル\Map</Filter>
    </ClInclude>
    <ClInclude Include="BasicMapNode.h">
      <Filter>ヘッダー ファイル\Map</Filter>
    </ClInclude>
    <ClInclude Include="DbPoiCollectionFactory.h">
      <Filter>ヘッダー ファイル\Map</Filter>
    </ClInclude>
    <ClInclude Include="BasicPoi.h">
      <Filter>ヘッダー ファイル\Map</Filter>
    </ClInclude>
    <ClInclude Include="BasicDbMap.h">
      <Filter>ヘッダー ファイル\Map</Filter>
    </ClInclude>
    <ClInclude Include="PreferenceTree.h">
      <Filter>ヘッダー ファイル\User\Preference</Filter>
    </ClInclude>
    <ClInclude Include="PreferenceTreeNode.h">
      <Filter>ヘッダー ファイル\User\Preference</Filter>
    </ClInclude>
    <ClInclude Include="Dummy.h">
      <Filter>ヘッダー ファイル\Entity</Filter>
    </ClInclude>
    <ClInclude Include="BasicUser.h">
      <Filter>ヘッダー ファイル\User</Filter>
    </ClInclude>
    <ClInclude Include="MatsunoMethod.h">
      <Filter>ヘッダー ファイル\Method</Filter>
    </ClInclude>
    <ClInclude Include="PauseMobileEntity.h">
      <Filter>ヘッダー ファイル\Entity</Filter>
    </ClInclude>
    <ClInclude Include="HayashidaBachelorMethod.h">
      <Filter>ヘッダー ファイル\Method</Filter>
    </ClInclude>
    <ClInclude Include="KatoBachelorMethod.h">
      <Filter>ヘッダー ファイル\Method</Filter>
    </ClInclude>
    <ClInclude Include="KatoMasterMethod.h">
      <Filter>ヘッダー ファイル\Method</Filter>
    </ClInclude>
    <ClInclude Include="DbTrajectoryLoader.h">
      <Filter>ヘッダー ファイル\User</Filter>
    </ClInclude>
    <ClInclude Include="MizunoMethod.h">
      <Filter>ヘッダー ファイル\Method</Filter>
    </ClInclude>
    <ClInclude Include="HayashidaDbMap.h">
      <Filter>ヘッダー ファイル\Map</Filter>
    </ClInclude>
    <ClInclude Include="VisitedPoiInfo.h">
      <Filter>ヘッダー ファイル</Filter>
    </ClInclude>
    <ClInclude Include="RevisablePauseMobileEntity.h">
      <Filter>ヘッダー ファイル\Entity</Filter>
    </ClInclude>
    <ClInclude Include="DifferentMovementUser.h">
      <Filter>ヘッダー ファイル\Entity</Filter>
    </ClInclude>
  </ItemGroup>
  <ItemGroup>
    <ClCompile Include="stdafx.cpp">
      <Filter>ソース ファイル</Filter>
    </ClCompile>
    <ClCompile Include="SimulatorComponents.cpp">
      <Filter>ソース ファイル</Filter>
    </ClCompile>
    <ClCompile Include="dllmain.cpp">
      <Filter>ソース ファイル</Filter>
    </ClCompile>
    <ClCompile Include="DbNodeCollectionFactory.cpp">
      <Filter>ソース ファイル\Map</Filter>
    </ClCompile>
    <ClCompile Include="BasicRoad.cpp">
      <Filter>ソース ファイル\Map</Filter>
    </ClCompile>
    <ClCompile Include="BasicMapNode.cpp">
      <Filter>ソース ファイル\Map</Filter>
    </ClCompile>
    <ClCompile Include="DbPoiCollectionFactory.cpp">
      <Filter>ソース ファイル\Map</Filter>
    </ClCompile>
    <ClCompile Include="BasicPoi.cpp">
      <Filter>ソース ファイル\Map</Filter>
    </ClCompile>
    <ClCompile Include="BasicDbMap.cpp">
      <Filter>ソース ファイル\Map</Filter>
    </ClCompile>
    <ClCompile Include="PreferenceTree.cpp">
      <Filter>ソース ファイル\User\Preference</Filter>
    </ClCompile>
    <ClCompile Include="PreferenceTreeNode.cpp">
      <Filter>ソース ファイル\User\Preference</Filter>
    </ClCompile>
    <ClCompile Include="Dummy.cpp">
      <Filter>ソース ファイル\Entity</Filter>
    </ClCompile>
    <ClCompile Include="BasicUser.cpp">
      <Filter>ソース ファイル\User</Filter>
    </ClCompile>
    <ClCompile Include="MatsunoMethod.cpp">
      <Filter>ソース ファイル\Method</Filter>
    </ClCompile>
    <ClCompile Include="PauseMobileEntity.cpp">
      <Filter>ソース ファイル\Entity</Filter>
    </ClCompile>
    <ClCompile Include="HayashidaBachelorMethod.cpp">
      <Filter>ソース ファイル\Method</Filter>
    </ClCompile>
    <ClCompile Include="KatoBachelorMethod.cpp">
      <Filter>ソース ファイル\Method</Filter>
    </ClCompile>
    <ClCompile Include="KatoMasterMethod.cpp">
      <Filter>ソース ファイル\Method</Filter>
    </ClCompile>
    <ClCompile Include="DbTrajectoryLoader.cpp">
      <Filter>ソース ファイル\User</Filter>
    </ClCompile>
    <ClCompile Include="MizunoMethod.cpp">
      <Filter>ソース ファイル\Method</Filter>
    </ClCompile>
    <ClCompile Include="HayashidaDbMap.cpp">
      <Filter>ソース ファイル\Map</Filter>
    </ClCompile>
    <ClCompile Include="VisitedPoiInfo.cpp">
      <Filter>ソース ファイル</Filter>
    </ClCompile>
    <ClCompile Include="RevisablePauseMobileEntity.cpp">
      <Filter>ソース ファイル\Entity</Filter>
    </ClCompile>
    <ClCompile Include="DifferentMovementUser.cpp">
      <Filter>ソース ファイル\Entity</Filter>
    </ClCompile>
  </ItemGroup>
  <ItemGroup>
    <None Include="packages.config" />
  </ItemGroup>
</Project>