
Microsoft Visual Studio Solution File, Format Version 12.00
# Visual Studio 14
VisualStudioVersion = 14.0.23107.0
MinimumVisualStudioVersion = 10.0.40219.1
Project("{8BC9CEB8-8B4A-11D0-8D11-00A0C91BC942}") = "LocationPrivacy", "LocationPrivacy\LocationPrivacy.vcxproj", "{DF607694-492E-4555-8E50-64C023A77BF1}"
EndProject
Project("{8BC9CEB8-8B4A-11D0-8D11-00A0C91BC942}") = "Utils", "Utils\Utils.vcxproj", "{38AC6421-8D7F-44FE-8E47-6EBE726E015E}"
EndProject
Project("{8BC9CEB8-8B4A-11D0-8D11-00A0C91BC942}") = "UtilsTest", "UtilsTest\UtilsTest.vcxproj", "{117EE97E-D8EC-4427-8EF6-E4FA897B826F}"
	ProjectSection(ProjectDependencies) = postProject
		{38AC6421-8D7F-44FE-8E47-6EBE726E015E} = {38AC6421-8D7F-44FE-8E47-6EBE726E015E}
	EndProjectSection
EndProject
Project("{8BC9CEB8-8B4A-11D0-8D11-00A0C91BC942}") = "Simulator", "Simulator\Simulator.vcxproj", "{3EEF8038-46B6-4E09-9C9E-84AB79B99AB1}"
EndProject
Project("{8BC9CEB8-8B4A-11D0-8D11-00A0C91BC942}") = "SimulatorComponents", "SimulatorComponents\SimulatorComponents.vcxproj", "{9E086C5E-A53B-49A0-9BE4-E7C5AF59E20D}"
EndProject
Project("{8BC9CEB8-8B4A-11D0-8D11-00A0C91BC942}") = "SimulatorComponentsTest", "SimulatorComponentsTest\SimulatorComponentsTest.vcxproj", "{32BED85C-3F95-4FEF-806F-1CDF31EBDC72}"
EndProject
Project("{8BC9CEB8-8B4A-11D0-8D11-00A0C91BC942}") = "Simulation_Hayashida", "Simulation_Hayashida\Simulation_Hayashida.vcxproj", "{BDD0AB48-9A31-4321-BCDA-5BE651D161F6}"
EndProject
Global
	GlobalSection(SolutionConfigurationPlatforms) = preSolution
		Debug|Win32 = Debug|Win32
		Debug|x64 = Debug|x64
		Release|Win32 = Release|Win32
		Release|x64 = Release|x64
	EndGlobalSection
	GlobalSection(ProjectConfigurationPlatforms) = postSolution
		{DF607694-492E-4555-8E50-64C023A77BF1}.Debug|Win32.ActiveCfg = Debug|Win32
		{DF607694-492E-4555-8E50-64C023A77BF1}.Debug|Win32.Build.0 = Debug|Win32
		{DF607694-492E-4555-8E50-64C023A77BF1}.Debug|x64.ActiveCfg = Debug|x64
		{DF607694-492E-4555-8E50-64C023A77BF1}.Debug|x64.Build.0 = Debug|x64
		{DF607694-492E-4555-8E50-64C023A77BF1}.Release|Win32.ActiveCfg = Release|Win32
		{DF607694-492E-4555-8E50-64C023A77BF1}.Release|Win32.Build.0 = Release|Win32
		{DF607694-492E-4555-8E50-64C023A77BF1}.Release|Win32.Deploy.0 = Release|Win32
		{DF607694-492E-4555-8E50-64C023A77BF1}.Release|x64.ActiveCfg = Release|x64
		{DF607694-492E-4555-8E50-64C023A77BF1}.Release|x64.Build.0 = Release|x64
		{38AC6421-8D7F-44FE-8E47-6EBE726E015E}.Debug|Win32.ActiveCfg = Debug|Win32
		{38AC6421-8D7F-44FE-8E47-6EBE726E015E}.Debug|Win32.Build.0 = Debug|Win32
		{38AC6421-8D7F-44FE-8E47-6EBE726E015E}.Debug|x64.ActiveCfg = Debug|x64
		{38AC6421-8D7F-44FE-8E47-6EBE726E015E}.Debug|x64.Build.0 = Debug|x64
		{38AC6421-8D7F-44FE-8E47-6EBE726E015E}.Release|Win32.ActiveCfg = Release|Win32
		{38AC6421-8D7F-44FE-8E47-6EBE726E015E}.Release|Win32.Build.0 = Release|Win32
		{38AC6421-8D7F-44FE-8E47-6EBE726E015E}.Release|Win32.Deploy.0 = Release|Win32
		{38AC6421-8D7F-44FE-8E47-6EBE726E015E}.Release|x64.ActiveCfg = Release|x64
		{38AC6421-8D7F-44FE-8E47-6EBE726E015E}.Release|x64.Build.0 = Release|x64
		{117EE97E-D8EC-4427-8EF6-E4FA897B826F}.Debug|Win32.ActiveCfg = Debug|Win32
		{117EE97E-D8EC-4427-8EF6-E4FA897B826F}.Debug|Win32.Build.0 = Debug|Win32
		{117EE97E-D8EC-4427-8EF6-E4FA897B826F}.Debug|x64.ActiveCfg = Debug|x64
		{117EE97E-D8EC-4427-8EF6-E4FA897B826F}.Debug|x64.Build.0 = Debug|x64
		{117EE97E-D8EC-4427-8EF6-E4FA897B826F}.Release|Win32.ActiveCfg = Release|Win32
		{117EE97E-D8EC-4427-8EF6-E4FA897B826F}.Release|Win32.Build.0 = Release|Win32
		{117EE97E-D8EC-4427-8EF6-E4FA897B826F}.Release|x64.ActiveCfg = Release|x64
		{117EE97E-D8EC-4427-8EF6-E4FA897B826F}.Release|x64.Build.0 = Release|x64
		{3EEF8038-46B6-4E09-9C9E-84AB79B99AB1}.Debug|Win32.ActiveCfg = Debug|Win32
		{3EEF8038-46B6-4E09-9C9E-84AB79B99AB1}.Debug|Win32.Build.0 = Debug|Win32
		{3EEF8038-46B6-4E09-9C9E-84AB79B99AB1}.Debug|x64.ActiveCfg = Debug|x64
		{3EEF8038-46B6-4E09-9C9E-84AB79B99AB1}.Debug|x64.Build.0 = Debug|x64
		{3EEF8038-46B6-4E09-9C9E-84AB79B99AB1}.Release|Win32.ActiveCfg = Release|Win32
		{3EEF8038-46B6-4E09-9C9E-84AB79B99AB1}.Release|Win32.Build.0 = Release|Win32
		{3EEF8038-46B6-4E09-9C9E-84AB79B99AB1}.Release|x64.ActiveCfg = Release|x64
		{3EEF8038-46B6-4E09-9C9E-84AB79B99AB1}.Release|x64.Build.0 = Release|x64
		{9E086C5E-A53B-49A0-9BE4-E7C5AF59E20D}.Debug|Win32.ActiveCfg = Debug|Win32
		{9E086C5E-A53B-49A0-9BE4-E7C5AF59E20D}.Debug|Win32.Build.0 = Debug|Win32
		{9E086C5E-A53B-49A0-9BE4-E7C5AF59E20D}.Debug|x64.ActiveCfg = Debug|x64
		{9E086C5E-A53B-49A0-9BE4-E7C5AF59E20D}.Debug|x64.Build.0 = Debug|x64
		{9E086C5E-A53B-49A0-9BE4-E7C5AF59E20D}.Release|Win32.ActiveCfg = Release|Win32
		{9E086C5E-A53B-49A0-9BE4-E7C5AF59E20D}.Release|Win32.Build.0 = Release|Win32
		{9E086C5E-A53B-49A0-9BE4-E7C5AF59E20D}.Release|x64.ActiveCfg = Release|x64
		{9E086C5E-A53B-49A0-9BE4-E7C5AF59E20D}.Release|x64.Build.0 = Release|x64
		{32BED85C-3F95-4FEF-806F-1CDF31EBDC72}.Debug|Win32.ActiveCfg = Debug|Win32
		{32BED85C-3F95-4FEF-806F-1CDF31EBDC72}.Debug|Win32.Build.0 = Debug|Win32
		{32BED85C-3F95-4FEF-806F-1CDF31EBDC72}.Debug|x64.ActiveCfg = Debug|x64
		{32BED85C-3F95-4FEF-806F-1CDF31EBDC72}.Debug|x64.Build.0 = Debug|x64
		{32BED85C-3F95-4FEF-806F-1CDF31EBDC72}.Release|Win32.ActiveCfg = Release|Win32
		{32BED85C-3F95-4FEF-806F-1CDF31EBDC72}.Release|Win32.Build.0 = Release|Win32
		{32BED85C-3F95-4FEF-806F-1CDF31EBDC72}.Release|x64.ActiveCfg = Release|x64
		{32BED85C-3F95-4FEF-806F-1CDF31EBDC72}.Release|x64.Build.0 = Release|x64
		{BDD0AB48-9A31-4321-BCDA-5BE651D161F6}.Debug|Win32.ActiveCfg = Debug|Win32
		{BDD0AB48-9A31-4321-BCDA-5BE651D161F6}.Debug|Win32.Build.0 = Debug|Win32
		{BDD0AB48-9A31-4321-BCDA-5BE651D161F6}.Debug|x64.ActiveCfg = Debug|x64
		{BDD0AB48-9A31-4321-BCDA-5BE651D161F6}.Debug|x64.Build.0 = Debug|x64
		{BDD0AB48-9A31-4321-BCDA-5BE651D161F6}.Release|Win32.ActiveCfg = Release|Win32
		{BDD0AB48-9A31-4321-BCDA-5BE651D161F6}.Release|Win32.Build.0 = Release|Win32
		{BDD0AB48-9A31-4321-BCDA-5BE651D161F6}.Release|x64.ActiveCfg = Release|x64
		{BDD0AB48-9A31-4321-BCDA-5BE651D161F6}.Release|x64.Build.0 = Release|x64
	EndGlobalSection
	GlobalSection(SolutionProperties) = preSolution
		HideSolutionNode = FALSE
	EndGlobalSection
EndGlobal
