<?xml version="1.0" encoding="utf-8"?>
<Project ToolsVersion="4.0" xmlns="http://schemas.microsoft.com/developer/msbuild/2003">
  <ItemGroup>
    <Filter Include="ソース ファイル">
      <UniqueIdentifier>{4FC737F1-C7A5-4376-A066-2A32D752A2FF}</UniqueIdentifier>
      <Extensions>cpp;c;cc;cxx;def;odl;idl;hpj;bat;asm;asmx</Extensions>
    </Filter>
    <Filter Include="ヘッダー ファイル">
      <UniqueIdentifier>{93995380-89BD-4b04-88EB-625FBE52EBFB}</UniqueIdentifier>
      <Extensions>h;hh;hpp;hxx;hm;inl;inc;xsd</Extensions>
    </Filter>
    <Filter Include="リソース ファイル">
      <UniqueIdentifier>{67DA6AB6-F800-4c08-8B7A-83BB121AAD01}</UniqueIdentifier>
      <Extensions>rc;ico;cur;bmp;dlg;rc2;rct;bin;rgs;gif;jpg;jpeg;jpe;resx;tiff;tif;png;wav;mfcribbon-ms</Extensions>
    </Filter>
    <Filter Include="ソース ファイル\Math">
      <UniqueIdentifier>{8cb5d9a4-6f40-44cc-aebc-4a7e3dddea9c}</UniqueIdentifier>
    </Filter>
    <Filter Include="ソース ファイル\Graph">
      <UniqueIdentifier>{63b88272-78dc-4eef-aabf-ac4d7250bce5}</UniqueIdentifier>
    </Filter>
    <Filter Include="ソース ファイル\Collection">
      <UniqueIdentifier>{07d1197f-1252-4d0d-919a-e5cafee91946}</UniqueIdentifier>
    </Filter>
    <Filter Include="ソース ファイル\Interfaces">
      <UniqueIdentifier>{fdaeff90-df19-407d-8438-0928ac28bfdb}</UniqueIdentifier>
    </Filter>
    <Filter Include="ソース ファイル\Geography">
      <UniqueIdentifier>{2fa70d52-4c05-44ba-894f-56134e68f753}</UniqueIdentifier>
    </Filter>
    <Filter Include="ソース ファイル\Export">
      <UniqueIdentifier>{cadfce83-1c26-487a-a3db-823b72818dcc}</UniqueIdentifier>
    </Filter>
  </ItemGroup>
  <ItemGroup>
    <ClInclude Include="stdafx.h">
      <Filter>ヘッダー ファイル</Filter>
    </ClInclude>
    <ClInclude Include="targetver.h">
      <Filter>ヘッダー ファイル</Filter>
    </ClInclude>
  </ItemGroup>
  <ItemGroup>
    <ClCompile Include="stdafx.cpp">
      <Filter>ソース ファイル</Filter>
    </ClCompile>
    <ClCompile Include="ProbabilityTest.cpp">
      <Filter>ソース ファイル\Math</Filter>
    </ClCompile>
    <ClCompile Include="AngleUtilityTest.cpp">
      <Filter>ソース ファイル\Math</Filter>
    </ClCompile>
    <ClCompile Include="Vector2dTest.cpp">
      <Filter>ソース ファイル\Graph</Filter>
    </ClCompile>
    <ClCompile Include="IdentifiableCollectionTest.cpp">
      <Filter>ソース ファイル\Collection</Filter>
    </ClCompile>
    <ClCompile Include="IdentifiableTest.cpp">
      <Filter>ソース ファイル\Interfaces</Filter>
    </ClCompile>
    <ClCompile Include="EdgeTest.cpp">
      <Filter>ソース ファイル\Graph</Filter>
    </ClCompile>
    <ClCompile Include="NodeTest.cpp">
      <Filter>ソース ファイル\Graph</Filter>
    </ClCompile>
    <ClCompile Include="LatLngTest.cpp">
      <Filter>ソース ファイル\Geography</Filter>
    </ClCompile>
    <ClCompile Include="NodeCollectionFactory.cpp">
      <Filter>ソース ファイル\Graph</Filter>
    </ClCompile>
    <ClCompile Include="FileExporterTest.cpp">
      <Filter>ソース ファイル\Export</Filter>
    </ClCompile>
    <ClCompile Include="GeographycalCalculationTest.cpp">
      <Filter>ソース ファイル\Geography</Filter>
    </ClCompile>
  </ItemGroup>
  <ItemGroup>
    <None Include="packages.config" />
    <None Include="app.config" />
  </ItemGroup>
</Project>