<?xml version="1.0" encoding="utf-8"?>
<Project ToolsVersion="4.0" xmlns="http://schemas.microsoft.com/developer/msbuild/2003">
  <ItemGroup>
    <Filter Include="ソース ファイル">
      <UniqueIdentifier>{4FC737F1-C7A5-4376-A066-2A32D752A2FF}</UniqueIdentifier>
      <Extensions>cpp;c;cc;cxx;def;odl;idl;hpj;bat;asm;asmx</Extensions>
    </Filter>
    <Filter Include="ヘッダー ファイル">
      <UniqueIdentifier>{93995380-89BD-4b04-88EB-625FBE52EBFB}</UniqueIdentifier>
      <Extensions>h;hh;hpp;hxx;hm;inl;inc;xsd</Extensions>
    </Filter>
    <Filter Include="リソース ファイル">
      <UniqueIdentifier>{67DA6AB6-F800-4c08-8B7A-83BB121AAD01}</UniqueIdentifier>
      <Extensions>rc;ico;cur;bmp;dlg;rc2;rct;bin;rgs;gif;jpg;jpeg;jpe;resx;tiff;tif;png;wav;mfcribbon-ms</Extensions>
    </Filter>
    <Filter Include="ソース ファイル\Graph">
      <UniqueIdentifier>{33586751-acc2-4754-a706-1b7cb94fce33}</UniqueIdentifier>
    </Filter>
    <Filter Include="ヘッダー ファイル\Graph">
      <UniqueIdentifier>{b2f2a21d-1af8-49ab-b083-a6861c0bdddf}</UniqueIdentifier>
    </Filter>
    <Filter Include="ソース ファイル\Math">
      <UniqueIdentifier>{1d3e2564-8bae-4127-9bff-7d31b8ae58ee}</UniqueIdentifier>
    </Filter>
    <Filter Include="ヘッダー ファイル\Math">
      <UniqueIdentifier>{f154acbe-73df-42b1-b767-85b2a1f05300}</UniqueIdentifier>
    </Filter>
    <Filter Include="ヘッダー ファイル\Interfaces">
      <UniqueIdentifier>{c24c93e8-a611-40cc-bd53-5c46f01723a7}</UniqueIdentifier>
    </Filter>
    <Filter Include="ヘッダー ファイル\Collection">
      <UniqueIdentifier>{09e8d4d1-9026-4a9c-a651-b9e5153748d9}</UniqueIdentifier>
    </Filter>
    <Filter Include="ソース ファイル\Geography">
      <UniqueIdentifier>{0a143221-23de-49ab-a2b6-9be0773d5ec6}</UniqueIdentifier>
    </Filter>
    <Filter Include="ヘッダー ファイル\Geography">
      <UniqueIdentifier>{804a9d46-bd42-4c8e-9763-8e7d2952aee6}</UniqueIdentifier>
    </Filter>
    <Filter Include="ヘッダー ファイル\Entity">
      <UniqueIdentifier>{9f5c24e7-70b8-4675-bf75-c6c2b4d27bf5}</UniqueIdentifier>
    </Filter>
    <Filter Include="ソース ファイル\Entity">
      <UniqueIdentifier>{df737c7f-e574-4b81-8e86-270a4c6f0d95}</UniqueIdentifier>
    </Filter>
    <Filter Include="ソース ファイル\Collection">
      <UniqueIdentifier>{740639f8-50e2-4593-bf85-8b767f25a687}</UniqueIdentifier>
    </Filter>
    <Filter Include="ソース ファイル\Db">
      <UniqueIdentifier>{103e4bff-963e-45e3-8882-0b6760d528aa}</UniqueIdentifier>
    </Filter>
    <Filter Include="ヘッダー ファイル\Db">
      <UniqueIdentifier>{fe9f1872-31b0-4b34-80a7-40dcecfba429}</UniqueIdentifier>
    </Filter>
    <Filter Include="ヘッダー ファイル\Geography\Data">
      <UniqueIdentifier>{0d8334fe-2a1f-4bf7-9657-0fba75d5f00f}</UniqueIdentifier>
    </Filter>
    <Filter Include="ソース ファイル\Geography\Data">
      <UniqueIdentifier>{9533f174-f29d-43ad-be34-4b358da1d62c}</UniqueIdentifier>
    </Filter>
    <Filter Include="ヘッダー ファイル\Graph\Routing">
      <UniqueIdentifier>{8750e902-2369-4308-ab73-7f78181c216a}</UniqueIdentifier>
    </Filter>
    <Filter Include="ヘッダー ファイル\IO">
      <UniqueIdentifier>{fa0dfe67-6750-4057-b783-91f17b0e8bda}</UniqueIdentifier>
    </Filter>
    <Filter Include="ソース ファイル\IO">
      <UniqueIdentifier>{2826709c-60ca-4c22-b03f-9f72811ba005}</UniqueIdentifier>
    </Filter>
    <Filter Include="ソース ファイル\Libs">
      <UniqueIdentifier>{2c2b91b2-a68a-41e0-b6ee-218b36e446fa}</UniqueIdentifier>
    </Filter>
    <Filter Include="ヘッダー ファイル\Libs">
      <UniqueIdentifier>{ccd5aa72-899f-4a55-a570-90a3ea3115b3}</UniqueIdentifier>
    </Filter>
    <Filter Include="ソース ファイル\Graph\Routing">
      <UniqueIdentifier>{e9566f0d-0b9d-43ad-bb46-80e74843cf2e}</UniqueIdentifier>
    </Filter>
    <Filter Include="ソース ファイル\Interfaces">
      <UniqueIdentifier>{d1dadb9d-114f-43db-8dd6-7e297d81ddc9}</UniqueIdentifier>
    </Filter>
    <Filter Include="ソース ファイル\Graph\Data">
      <UniqueIdentifier>{e62dac1c-c81f-46fa-9c15-ba172d8e51be}</UniqueIdentifier>
    </Filter>
    <Filter Include="ヘッダー ファイル\Graph\Data">
      <UniqueIdentifier>{33b0d6b6-a319-4ec1-99b0-4b92fddb2c93}</UniqueIdentifier>
    </Filter>
    <Filter Include="ヘッダー ファイル\Graph\Edge">
      <UniqueIdentifier>{13672163-9a07-4dfc-93a6-ba79d174d363}</UniqueIdentifier>
    </Filter>
    <Filter Include="ヘッダー ファイル\Graph\Node">
      <UniqueIdentifier>{43ef9d79-c606-46d8-8be0-6376c337f5d6}</UniqueIdentifier>
    </Filter>
    <Filter Include="ソース ファイル\Graph\Edge">
      <UniqueIdentifier>{e2872ca9-4c36-42a0-9ed0-a1b9e624d9fb}</UniqueIdentifier>
    </Filter>
    <Filter Include="ソース ファイル\Graph\Node">
      <UniqueIdentifier>{31a89a91-9bc9-45ea-82d9-e89ed684c466}</UniqueIdentifier>
    </Filter>
  </ItemGroup>
  <ItemGroup>
    <Text Include="ReadMe.txt" />
  </ItemGroup>
  <ItemGroup>
    <ClInclude Include="stdafx.h">
      <Filter>ヘッダー ファイル</Filter>
    </ClInclude>
    <ClInclude Include="targetver.h">
      <Filter>ヘッダー ファイル</Filter>
    </ClInclude>
    <ClInclude Include="Probability.h">
      <Filter>ヘッダー ファイル\Math</Filter>
    </ClInclude>
    <ClInclude Include="AngleUtility.h">
      <Filter>ヘッダー ファイル\Math</Filter>
    </ClInclude>
    <ClInclude Include="Identifiable.h">
      <Filter>ヘッダー ファイル\Interfaces</Filter>
    </ClInclude>
    <ClInclude Include="IdentifiableCollection.h">
      <Filter>ヘッダー ファイル\Collection</Filter>
    </ClInclude>
    <ClInclude Include="Vector2d.h">
      <Filter>ヘッダー ファイル\Graph</Filter>
    </ClInclude>
    <ClInclude Include="LatLng.h">
      <Filter>ヘッダー ファイル\Geography</Filter>
    </ClInclude>
    <ClInclude Include="FileExportable.h">
      <Filter>ヘッダー ファイル\Interfaces</Filter>
    </ClInclude>
    <ClInclude Include="FileExporter.h">
      <Filter>ヘッダー ファイル\IO</Filter>
    </ClInclude>
    <ClInclude Include="resource.h">
      <Filter>ヘッダー ファイル</Filter>
    </ClInclude>
    <ClInclude Include="MobileEntity.h">
      <Filter>ヘッダー ファイル\Entity</Filter>
    </ClInclude>
    <ClInclude Include="MobileEntityState.h">
      <Filter>ヘッダー ファイル\Entity</Filter>
    </ClInclude>
    <ClInclude Include="Vector2dFactory.h">
      <Filter>ヘッダー ファイル\Graph</Filter>
    </ClInclude>
    <ClInclude Include="Coordinate.h">
      <Filter>ヘッダー ファイル\Graph</Filter>
    </ClInclude>
    <ClInclude Include="GraphUtility.h">
      <Filter>ヘッダー ファイル\Graph</Filter>
    </ClInclude>
    <ClInclude Include="IdentifiableCollection.hpp">
      <Filter>ソース ファイル\Collection</Filter>
    </ClInclude>
    <ClInclude Include="GeoCalculation.h">
      <Filter>ヘッダー ファイル\Geography</Filter>
    </ClInclude>
    <ClInclude Include="BasicGeoNodeData.h">
      <Filter>ヘッダー ファイル\Geography\Data</Filter>
    </ClInclude>
    <ClInclude Include="RoutingMethod.h">
      <Filter>ヘッダー ファイル\Graph\Routing</Filter>
    </ClInclude>
    <ClInclude Include="DbSettings.h">
      <Filter>ヘッダー ファイル\Db</Filter>
    </ClInclude>
    <ClInclude Include="IDbSettingsLoader.h">
      <Filter>ヘッダー ファイル\Db</Filter>
    </ClInclude>
    <ClInclude Include="DbSettingsFileLoader.h">
      <Filter>ヘッダー ファイル\Db</Filter>
    </ClInclude>
    <ClInclude Include="IOException.h">
      <Filter>ヘッダー ファイル\IO</Filter>
    </ClInclude>
    <ClInclude Include="tinyxml2.h">
      <Filter>ヘッダー ファイル\Libs</Filter>
    </ClInclude>
    <ClInclude Include="WarshallFloyd.h">
      <Filter>ヘッダー ファイル\Graph\Routing</Filter>
    </ClInclude>
    <ClInclude Include="WarshallFloyd.hpp">
      <Filter>ソース ファイル\Graph\Routing</Filter>
    </ClInclude>
    <ClInclude Include="MySQLDb.h">
      <Filter>ヘッダー ファイル\Db</Filter>
    </ClInclude>
    <ClInclude Include="Column.h">
      <Filter>ヘッダー ファイル\Db</Filter>
    </ClInclude>
    <ClInclude Include="TableStructure.h">
      <Filter>ヘッダー ファイル\Db</Filter>
    </ClInclude>
    <ClInclude Include="Serializable.h">
      <Filter>ヘッダー ファイル\Interfaces</Filter>
    </ClInclude>
    <ClInclude Include="QueryGenerateUtility.h">
      <Filter>ヘッダー ファイル\Db</Filter>
    </ClInclude>
    <ClInclude Include="Bindable.h">
      <Filter>ヘッダー ファイル\Interfaces</Filter>
    </ClInclude>
    <ClInclude Include="Bindable.hpp">
      <Filter>ソース ファイル\Interfaces</Filter>
    </ClInclude>
    <ClInclude Include="BasicPathData.h">
      <Filter>ヘッダー ファイル\Graph\Data</Filter>
    </ClInclude>
    <ClInclude Include="BasicEdge.h">
      <Filter>ヘッダー ファイル\Graph\Edge</Filter>
    </ClInclude>
    <ClInclude Include="Edge.h">
      <Filter>ヘッダー ファイル\Graph\Edge</Filter>
    </ClInclude>
    <ClInclude Include="BasicPath.h">
      <Filter>ヘッダー ファイル\Graph\Edge</Filter>
    </ClInclude>
    <ClInclude Include="Node.h">
      <Filter>ヘッダー ファイル\Graph\Node</Filter>
    </ClInclude>
    <ClInclude Include="NodeCollectionFactory.h">
      <Filter>ヘッダー ファイル\Graph\Node</Filter>
    </ClInclude>
    <ClInclude Include="BasicNode.h">
      <Filter>ヘッダー ファイル\Graph\Node</Filter>
    </ClInclude>
    <ClInclude Include="Edge.hpp">
      <Filter>ソース ファイル\Graph\Edge</Filter>
    </ClInclude>
    <ClInclude Include="BasicNode.hpp">
      <Filter>ソース ファイル\Graph\Node</Filter>
    </ClInclude>
    <ClInclude Include="Node.hpp">
      <Filter>ソース ファイル\Graph\Node</Filter>
    </ClInclude>
    <ClInclude Include="NodeCollectionFactory.hpp">
      <Filter>ソース ファイル\Graph\Node</Filter>
    </ClInclude>
    <ClInclude Include="MapNode.h">
      <Filter>ヘッダー ファイル\Geography</Filter>
    </ClInclude>
    <ClInclude Include="Map.h">
      <Filter>ヘッダー ファイル\Graph</Filter>
    </ClInclude>
    <ClInclude Include="Map.hpp">
      <Filter>ソース ファイル\Graph</Filter>
    </ClInclude>
  </ItemGroup>
  <ItemGroup>
    <ClCompile Include="stdafx.cpp">
      <Filter>ソース ファイル</Filter>
    </ClCompile>
    <ClCompile Include="Utils.cpp">
      <Filter>ソース ファイル</Filter>
    </ClCompile>
    <ClCompile Include="dllmain.cpp">
      <Filter>ソース ファイル</Filter>
    </ClCompile>
    <ClCompile Include="Probability.cpp">
      <Filter>ソース ファイル\Math</Filter>
    </ClCompile>
    <ClCompile Include="AngleUtility.cpp">
      <Filter>ソース ファイル\Math</Filter>
    </ClCompile>
    <ClCompile Include="Vector2d.cpp">
      <Filter>ソース ファイル\Graph</Filter>
    </ClCompile>
    <ClCompile Include="LatLng.cpp">
      <Filter>ソース ファイル\Geography</Filter>
    </ClCompile>
    <ClCompile Include="FileExporter.cpp">
      <Filter>ソース ファイル\IO</Filter>
    </ClCompile>
    <ClCompile Include="MobileEntity.cpp">
      <Filter>ソース ファイル\Entity</Filter>
    </ClCompile>
    <ClCompile Include="MobileEntityState.cpp">
      <Filter>ソース ファイル\Entity</Filter>
    </ClCompile>
    <ClCompile Include="Vector2dFactory.cpp">
      <Filter>ソース ファイル\Geography</Filter>
    </ClCompile>
    <ClCompile Include="Coordinate.cpp">
      <Filter>ソース ファイル\Graph</Filter>
    </ClCompile>
    <ClCompile Include="GraphUtility.cpp">
      <Filter>ソース ファイル\Graph</Filter>
    </ClCompile>
    <ClCompile Include="GeoCalculation.cpp">
      <Filter>ソース ファイル\Geography</Filter>
    </ClCompile>
    <ClCompile Include="BasicGeoNodeData.cpp">
      <Filter>ソース ファイル\Geography\Data</Filter>
    </ClCompile>
    <ClCompile Include="DbSettings.cpp">
      <Filter>ソース ファイル\Db</Filter>
    </ClCompile>
    <ClCompile Include="DbSettingsFileLoader.cpp">
      <Filter>ソース ファイル\Db</Filter>
    </ClCompile>
    <ClCompile Include="tinyxml2.cpp">
      <Filter>ソース ファイル\Libs</Filter>
    </ClCompile>
    <ClCompile Include="MySQLDb.cpp">
      <Filter>ソース ファイル\Db</Filter>
    </ClCompile>
    <ClCompile Include="Column.cpp">
      <Filter>ソース ファイル\Db</Filter>
    </ClCompile>
    <ClCompile Include="TableStructure.cpp">
      <Filter>ソース ファイル\Db</Filter>
    </ClCompile>
    <ClCompile Include="QueryGenerateUtility.cpp">
      <Filter>ソース ファイル\Db</Filter>
    </ClCompile>
    <ClCompile Include="BasicPathData.cpp">
      <Filter>ソース ファイル\Graph\Data</Filter>
    </ClCompile>
    <ClCompile Include="BasicEdge.cpp">
      <Filter>ソース ファイル\Graph\Edge</Filter>
    </ClCompile>
    <ClCompile Include="BasicPath.cpp">
      <Filter>ソース ファイル\Graph\Edge</Filter>
    </ClCompile>
    <ClCompile Include="MapNode.cpp">
      <Filter>ソース ファイル\Geography</Filter>
    </ClCompile>
  </ItemGroup>
  <ItemGroup>
    <ResourceCompile Include="Utils.rc">
      <Filter>リソース ファイル</Filter>
    </ResourceCompile>
  </ItemGroup>
  <ItemGroup>
    <None Include="ClassDiagram.cd" />
    <None Include="app.config" />
  </ItemGroup>
</Project>